
Microsoft Visual Studio Solution File, Format Version 12.00
# Visual Studio Version 17
VisualStudioVersion = 17.3.32819.101
MinimumVisualStudioVersion = 10.0.40219.1
Project("{FAE04EC0-301F-11D3-BF4B-00C04F79EFBC}") = "codecademy_two", "codecademy_two\codecademy_two.csproj", "{7E263BD3-15B8-4CA1-85F6-20D533C63876}"
EndProject
Global
	GlobalSection(SolutionConfigurationPlatforms) = preSolution
		Debug|Any CPU = Debug|Any CPU
		Release|Any CPU = Release|Any CPU
	EndGlobalSection
	GlobalSection(ProjectConfigurationPlatforms) = postSolution
		{7E263BD3-15B8-4CA1-85F6-20D533C63876}.Debug|Any CPU.ActiveCfg = Debug|Any CPU
		{7E263BD3-15B8-4CA1-85F6-20D533C63876}.Debug|Any CPU.Build.0 = Debug|Any CPU
		{7E263BD3-15B8-4CA1-85F6-20D533C63876}.Release|Any CPU.ActiveCfg = Release|Any CPU
		{7E263BD3-15B8-4CA1-85F6-20D533C63876}.Release|Any CPU.Build.0 = Release|Any CPU
	EndGlobalSection
	GlobalSection(SolutionProperties) = preSolution
		HideSolutionNode = FALSE
	EndGlobalSection
	GlobalSection(ExtensibilityGlobals) = postSolution
		SolutionGuid = {A3BDB474-CBAD-4DD7-BFD0-AE40D6288B85}
	EndGlobalSection
EndGlobal
